// !$*UTF8*$!
{
	archiveVersion = 1;
	classes = {
	};
	objectVersion = 55;
	objects = {

/* Begin PBXBuildFile section */
		413961D7289319090018A450 /* is_Palindrome.cpp in Sources */ = {isa = PBXBuildFile; fileRef = 413961D6289319090018A450 /* is_Palindrome.cpp */; };
		413961D9289331430018A450 /* roman_to_int.cpp in Sources */ = {isa = PBXBuildFile; fileRef = 413961D8289331430018A450 /* roman_to_int.cpp */; };
		413961DB28936B930018A450 /* longest_common_prefix.cpp in Sources */ = {isa = PBXBuildFile; fileRef = 413961DA28936B930018A450 /* longest_common_prefix.cpp */; };
		41A9472427C2F8F90048B504 /* main.cpp in Sources */ = {isa = PBXBuildFile; fileRef = 41A9472327C2F8F90048B504 /* main.cpp */; };
		41A9472B27C305EE0048B504 /* two_Sum_Problem.cpp in Sources */ = {isa = PBXBuildFile; fileRef = 41A9472A27C305EE0048B504 /* two_Sum_Problem.cpp */; };
		41E4A5A028A44E93009B7982 /* is_valid_string.cpp in Sources */ = {isa = PBXBuildFile; fileRef = 41E4A59F28A44E93009B7982 /* is_valid_string.cpp */; };
/* End PBXBuildFile section */

/* Begin PBXCopyFilesBuildPhase section */
		41A9471E27C2F8F90048B504 /* CopyFiles */ = {
			isa = PBXCopyFilesBuildPhase;
			buildActionMask = 2147483647;
			dstPath = /usr/share/man/man1/;
			dstSubfolderSpec = 0;
			files = (
			);
			runOnlyForDeploymentPostprocessing = 1;
		};
/* End PBXCopyFilesBuildPhase section */

/* Begin PBXFileReference section */
		413961D6289319090018A450 /* is_Palindrome.cpp */ = {isa = PBXFileReference; lastKnownFileType = sourcecode.cpp.cpp; path = is_Palindrome.cpp; sourceTree = "<group>"; };
		413961D8289331430018A450 /* roman_to_int.cpp */ = {isa = PBXFileReference; lastKnownFileType = sourcecode.cpp.cpp; path = roman_to_int.cpp; sourceTree = "<group>"; };
		413961DA28936B930018A450 /* longest_common_prefix.cpp */ = {isa = PBXFileReference; lastKnownFileType = sourcecode.cpp.cpp; path = longest_common_prefix.cpp; sourceTree = "<group>"; };
		41A9472027C2F8F90048B504 /* leet_code_Practice */ = {isa = PBXFileReference; explicitFileType = "compiled.mach-o.executable"; includeInIndex = 0; path = leet_code_Practice; sourceTree = BUILT_PRODUCTS_DIR; };
		41A9472327C2F8F90048B504 /* main.cpp */ = {isa = PBXFileReference; lastKnownFileType = sourcecode.cpp.cpp; path = main.cpp; sourceTree = "<group>"; };
		41A9472A27C305EE0048B504 /* two_Sum_Problem.cpp */ = {isa = PBXFileReference; lastKnownFileType = sourcecode.cpp.cpp; path = two_Sum_Problem.cpp; sourceTree = "<group>"; };
		41E4A59F28A44E93009B7982 /* is_valid_string.cpp */ = {isa = PBXFileReference; lastKnownFileType = sourcecode.cpp.cpp; path = is_valid_string.cpp; sourceTree = "<group>"; };
/* End PBXFileReference section */

/* Begin PBXFrameworksBuildPhase section */
		41A9471D27C2F8F90048B504 /* Frameworks */ = {
			isa = PBXFrameworksBuildPhase;
			buildActionMask = 2147483647;
			files = (
			);
			runOnlyForDeploymentPostprocessing = 0;
		};
/* End PBXFrameworksBuildPhase section */

/* Begin PBXGroup section */
		41A9471727C2F8F90048B504 = {
			isa = PBXGroup;
			children = (
				41A9472227C2F8F90048B504 /* leet_code_Practice */,
				41A9472127C2F8F90048B504 /* Products */,
			);
			sourceTree = "<group>";
		};
		41A9472127C2F8F90048B504 /* Products */ = {
			isa = PBXGroup;
			children = (
				41A9472027C2F8F90048B504 /* leet_code_Practice */,
			);
			name = Products;
			sourceTree = "<group>";
		};
		41A9472227C2F8F90048B504 /* leet_code_Practice */ = {
			isa = PBXGroup;
			children = (
				41A9472327C2F8F90048B504 /* main.cpp */,
				41A9472C27C305F10048B504 /* Problems_easy */,
			);
			path = leet_code_Practice;
			sourceTree = "<group>";
		};
		41A9472C27C305F10048B504 /* Problems_easy */ = {
			isa = PBXGroup;
			children = (
				41A9472A27C305EE0048B504 /* two_Sum_Problem.cpp */,
				413961D6289319090018A450 /* is_Palindrome.cpp */,
				413961D8289331430018A450 /* roman_to_int.cpp */,
				413961DA28936B930018A450 /* longest_common_prefix.cpp */,
				41E4A59F28A44E93009B7982 /* is_valid_string.cpp */,
			);
			path = Problems_easy;
			sourceTree = "<group>";
		};
/* End PBXGroup section */

/* Begin PBXNativeTarget section */
		41A9471F27C2F8F90048B504 /* leet_code_Practice */ = {
			isa = PBXNativeTarget;
			buildConfigurationList = 41A9472727C2F8F90048B504 /* Build configuration list for PBXNativeTarget "leet_code_Practice" */;
			buildPhases = (
				41A9471C27C2F8F90048B504 /* Sources */,
				41A9471D27C2F8F90048B504 /* Frameworks */,
				41A9471E27C2F8F90048B504 /* CopyFiles */,
			);
			buildRules = (
			);
			dependencies = (
			);
			name = leet_code_Practice;
			productName = leet_code_Practice;
			productReference = 41A9472027C2F8F90048B504 /* leet_code_Practice */;
			productType = "com.apple.product-type.tool";
		};
/* End PBXNativeTarget section */

/* Begin PBXProject section */
		41A9471827C2F8F90048B504 /* Project object */ = {
			isa = PBXProject;
			attributes = {
				BuildIndependentTargetsInParallel = 1;
				LastUpgradeCheck = 1340;
				TargetAttributes = {
					41A9471F27C2F8F90048B504 = {
						CreatedOnToolsVersion = 13.2.1;
					};
				};
			};
			buildConfigurationList = 41A9471B27C2F8F90048B504 /* Build configuration list for PBXProject "leet_code_Practice" */;
			compatibilityVersion = "Xcode 13.0";
			developmentRegion = en;
			hasScannedForEncodings = 0;
			knownRegions = (
				en,
				Base,
			);
			mainGroup = 41A9471727C2F8F90048B504;
			productRefGroup = 41A9472127C2F8F90048B504 /* Products */;
			projectDirPath = "";
			projectRoot = "";
			targets = (
				41A9471F27C2F8F90048B504 /* leet_code_Practice */,
			);
		};
/* End PBXProject section */

/* Begin PBXSourcesBuildPhase section */
		41A9471C27C2F8F90048B504 /* Sources */ = {
			isa = PBXSourcesBuildPhase;
			buildActionMask = 2147483647;
			files = (
				413961D7289319090018A450 /* is_Palindrome.cpp in Sources */,
				41A9472B27C305EE0048B504 /* two_Sum_Problem.cpp in Sources */,
				413961DB28936B930018A450 /* longest_common_prefix.cpp in Sources */,
				413961D9289331430018A450 /* roman_to_int.cpp in Sources */,
				41A9472427C2F8F90048B504 /* main.cpp in Sources */,
				41E4A5A028A44E93009B7982 /* is_valid_string.cpp in Sources */,
			);
			runOnlyForDeploymentPostprocessing = 0;
		};
/* End PBXSourcesBuildPhase section */

/* Begin XCBuildConfiguration section */
		41A9472527C2F8F90048B504 /* Debug */ = {
			isa = XCBuildConfiguration;
			buildSettings = {
				ALWAYS_SEARCH_USER_PATHS = NO;
				CLANG_ANALYZER_NONNULL = YES;
				CLANG_ANALYZER_NUMBER_OBJECT_CONVERSION = YES_AGGRESSIVE;
				CLANG_CXX_LANGUAGE_STANDARD = "gnu++17";
				CLANG_CXX_LIBRARY = "libc++";
				CLANG_ENABLE_MODULES = YES;
				CLANG_ENABLE_OBJC_ARC = YES;
				CLANG_ENABLE_OBJC_WEAK = YES;
				CLANG_WARN_BLOCK_CAPTURE_AUTORELEASING = YES;
				CLANG_WARN_BOOL_CONVERSION = YES;
				CLANG_WARN_COMMA = YES;
				CLANG_WARN_CONSTANT_CONVERSION = YES;
				CLANG_WARN_DEPRECATED_OBJC_IMPLEMENTATIONS = YES;
				CLANG_WARN_DIRECT_OBJC_ISA_USAGE = YES_ERROR;
				CLANG_WARN_DOCUMENTATION_COMMENTS = YES;
				CLANG_WARN_EMPTY_BODY = YES;
				CLANG_WARN_ENUM_CONVERSION = YES;
				CLANG_WARN_INFINITE_RECURSION = YES;
				CLANG_WARN_INT_CONVERSION = YES;
				CLANG_WARN_NON_LITERAL_NULL_CONVERSION = YES;
				CLANG_WARN_OBJC_IMPLICIT_RETAIN_SELF = YES;
				CLANG_WARN_OBJC_LITERAL_CONVERSION = YES;
				CLANG_WARN_OBJC_ROOT_CLASS = YES_ERROR;
				CLANG_WARN_QUOTED_INCLUDE_IN_FRAMEWORK_HEADER = YES;
				CLANG_WARN_RANGE_LOOP_ANALYSIS = YES;
				CLANG_WARN_STRICT_PROTOTYPES = YES;
				CLANG_WARN_SUSPICIOUS_MOVE = YES;
				CLANG_WARN_UNGUARDED_AVAILABILITY = YES_AGGRESSIVE;
				CLANG_WARN_UNREACHABLE_CODE = YES;
				CLANG_WARN__DUPLICATE_METHOD_MATCH = YES;
				COPY_PHASE_STRIP = NO;
				DEBUG_INFORMATION_FORMAT = dwarf;
				ENABLE_STRICT_OBJC_MSGSEND = YES;
				ENABLE_TESTABILITY = YES;
				GCC_C_LANGUAGE_STANDARD = gnu11;
				GCC_DYNAMIC_NO_PIC = NO;
				GCC_NO_COMMON_BLOCKS = YES;
				GCC_OPTIMIZATION_LEVEL = 0;
				GCC_PREPROCESSOR_DEFINITIONS = (
					"DEBUG=1",
					"$(inherited)",
				);
				GCC_WARN_64_TO_32_BIT_CONVERSION = YES;
				GCC_WARN_ABOUT_RETURN_TYPE = YES_ERROR;
				GCC_WARN_UNDECLARED_SELECTOR = YES;
				GCC_WARN_UNINITIALIZED_AUTOS = YES_AGGRESSIVE;
				GCC_WARN_UNUSED_FUNCTION = YES;
				GCC_WARN_UNUSED_VARIABLE = YES;
				MACOSX_DEPLOYMENT_TARGET = 12.1;
				MTL_ENABLE_DEBUG_INFO = INCLUDE_SOURCE;
				MTL_FAST_MATH = YES;
				ONLY_ACTIVE_ARCH = YES;
				SDKROOT = macosx;
			};
			name = Debug;
		};
		41A9472627C2F8F90048B504 /* Release */ = {
			isa = XCBuildConfiguration;
			buildSettings = {
				ALWAYS_SEARCH_USER_PATHS = NO;
				CLANG_ANALYZER_NONNULL = YES;
				CLANG_ANALYZER_NUMBER_OBJECT_CONVERSION = YES_AGGRESSIVE;
				CLANG_CXX_LANGUAGE_STANDARD = "gnu++17";
				CLANG_CXX_LIBRARY = "libc++";
				CLANG_ENABLE_MODULES = YES;
				CLANG_ENABLE_OBJC_ARC = YES;
				CLANG_ENABLE_OBJC_WEAK = YES;
				CLANG_WARN_BLOCK_CAPTURE_AUTORELEASING = YES;
				CLANG_WARN_BOOL_CONVERSION = YES;
				CLANG_WARN_COMMA = YES;
				CLANG_WARN_CONSTANT_CONVERSION = YES;
				CLANG_WARN_DEPRECATED_OBJC_IMPLEMENTATIONS = YES;
				CLANG_WARN_DIRECT_OBJC_ISA_USAGE = YES_ERROR;
				CLANG_WARN_DOCUMENTATION_COMMENTS = YES;
				CLANG_WARN_EMPTY_BODY = YES;
				CLANG_WARN_ENUM_CONVERSION = YES;
				CLANG_WARN_INFINITE_RECURSION = YES;
				CLANG_WARN_INT_CONVERSION = YES;
				CLANG_WARN_NON_LITERAL_NULL_CONVERSION = YES;
				CLANG_WARN_OBJC_IMPLICIT_RETAIN_SELF = YES;
				CLANG_WARN_OBJC_LITERAL_CONVERSION = YES;
				CLANG_WARN_OBJC_ROOT_CLASS = YES_ERROR;
				CLANG_WARN_QUOTED_INCLUDE_IN_FRAMEWORK_HEADER = YES;
				CLANG_WARN_RANGE_LOOP_ANALYSIS = YES;
				CLANG_WARN_STRICT_PROTOTYPES = YES;
				CLANG_WARN_SUSPICIOUS_MOVE = YES;
				CLANG_WARN_UNGUARDED_AVAILABILITY = YES_AGGRESSIVE;
				CLANG_WARN_UNREACHABLE_CODE = YES;
				CLANG_WARN__DUPLICATE_METHOD_MATCH = YES;
				COPY_PHASE_STRIP = NO;
				DEBUG_INFORMATION_FORMAT = "dwarf-with-dsym";
				ENABLE_NS_ASSERTIONS = NO;
				ENABLE_STRICT_OBJC_MSGSEND = YES;
				GCC_C_LANGUAGE_STANDARD = gnu11;
				GCC_NO_COMMON_BLOCKS = YES;
				GCC_WARN_64_TO_32_BIT_CONVERSION = YES;
				GCC_WARN_ABOUT_RETURN_TYPE = YES_ERROR;
				GCC_WARN_UNDECLARED_SELECTOR = YES;
				GCC_WARN_UNINITIALIZED_AUTOS = YES_AGGRESSIVE;
				GCC_WARN_UNUSED_FUNCTION = YES;
				GCC_WARN_UNUSED_VARIABLE = YES;
				MACOSX_DEPLOYMENT_TARGET = 12.1;
				MTL_ENABLE_DEBUG_INFO = NO;
				MTL_FAST_MATH = YES;
				SDKROOT = macosx;
			};
			name = Release;
		};
		41A9472827C2F8F90048B504 /* Debug */ = {
			isa = XCBuildConfiguration;
			buildSettings = {
				CODE_SIGN_IDENTITY = "-";
				CODE_SIGN_STYLE = Automatic;
				DEVELOPMENT_TEAM = CWCBRR328H;
				ENABLE_HARDENED_RUNTIME = YES;
				PRODUCT_NAME = "$(TARGET_NAME)";
			};
			name = Debug;
		};
		41A9472927C2F8F90048B504 /* Release */ = {
			isa = XCBuildConfiguration;
			buildSettings = {
				CODE_SIGN_IDENTITY = "-";
				CODE_SIGN_STYLE = Automatic;
				DEVELOPMENT_TEAM = CWCBRR328H;
				ENABLE_HARDENED_RUNTIME = YES;
				PRODUCT_NAME = "$(TARGET_NAME)";
			};
			name = Release;
		};
/* End XCBuildConfiguration section */

/* Begin XCConfigurationList section */
		41A9471B27C2F8F90048B504 /* Build configuration list for PBXProject "leet_code_Practice" */ = {
			isa = XCConfigurationList;
			buildConfigurations = (
				41A9472527C2F8F90048B504 /* Debug */,
				41A9472627C2F8F90048B504 /* Release */,
			);
			defaultConfigurationIsVisible = 0;
			defaultConfigurationName = Release;
		};
		41A9472727C2F8F90048B504 /* Build configuration list for PBXNativeTarget "leet_code_Practice" */ = {
			isa = XCConfigurationList;
			buildConfigurations = (
				41A9472827C2F8F90048B504 /* Debug */,
				41A9472927C2F8F90048B504 /* Release */,
			);
			defaultConfigurationIsVisible = 0;
			defaultConfigurationName = Release;
		};
/* End XCConfigurationList section */
	};
	rootObject = 41A9471827C2F8F90048B504 /* Project object */;
}
